PODS:
  - OHHTTPStubs (4.1.0)
  - RSDRESTServices (0.3.13):
    - OHHTTPStubs (~> 4.1.0)
    - RSDSerialization (~> 0.3)
  - RSDSerialization (0.3.4)

DEPENDENCIES:
  - RSDRESTServices (from `../`)

EXTERNAL SOURCES:
  RSDRESTServices:
    :path: ../

SPEC CHECKSUMS:
  OHHTTPStubs: f3473ab21dbf0815253ac96b977d5c36f1daad09
  RSDRESTServices: b86aa932cfe5ee7e7edae017e1bf026288b74b57
  RSDSerialization: 5345bbbab8c3ffd16a75f633e13cd94c67388a95

COCOAPODS: 0.39.0.beta.5
