PODS:
  - OHHTTPStubs (4.1.0)
  - RSDRESTServices (0.3.10):
    - OHHTTPStubs (~> 4.1.0)
    - RSDSerialization (~> 0.3)
  - RSDSerialization (0.3.4)

DEPENDENCIES:
  - RSDRESTServices (from `../`)

EXTERNAL SOURCES:
  RSDRESTServices:
    :path: ../

SPEC CHECKSUMS:
  OHHTTPStubs: f3473ab21dbf0815253ac96b977d5c36f1daad09
  RSDRESTServices: 1d43c0850efab27717c19488ba71202e33cd2f81
  RSDSerialization: 5345bbbab8c3ffd16a75f633e13cd94c67388a95

COCOAPODS: 0.39.0.beta.5
