PODS:
  - OHHTTPStubs (4.1.0)
  - RSDRESTServices (0.3.5):
    - OHHTTPStubs (~> 4.1.0)
    - RSDSerialization (~> 0.3)
  - RSDSerialization (0.3.3)

DEPENDENCIES:
  - RSDRESTServices (from `../`)

EXTERNAL SOURCES:
  RSDRESTServices:
    :path: ../

SPEC CHECKSUMS:
  OHHTTPStubs: f3473ab21dbf0815253ac96b977d5c36f1daad09
  RSDRESTServices: 203d87527d5ce054335f66de9e85355460be365c
  RSDSerialization: 544b11ee5e35fd1290daa531dea80f74a7cf5096

COCOAPODS: 0.39.0.beta.5
